
Microsoft Visual Studio Solution File, Format Version 12.00
# Visual Studio 2013
VisualStudioVersion = 12.0.31101.0
MinimumVisualStudioVersion = 10.0.40219.1
Project("{FAE04EC0-301F-11D3-BF4B-00C04F79EFBC}") = "DraftHits.Website", "DraftHits.Website\DraftHits.Website.csproj", "{3597B68E-7F9D-4F5B-9A9A-7A8E105E3D6E}"
EndProject
Project("{FAE04EC0-301F-11D3-BF4B-00C04F79EFBC}") = "DraftHits.Data", "DraftHits.Data\DraftHits.Data.csproj", "{7CD9E7FF-6FD8-4604-9444-D2425B2FEEE7}"
EndProject
Project("{FAE04EC0-301F-11D3-BF4B-00C04F79EFBC}") = "DraftHits.Core", "DraftHits.Core\DraftHits.Core.csproj", "{B9F1A3A0-0306-4F3B-9D1B-E3CF43EDB34C}"
EndProject
Global
	GlobalSection(SolutionConfigurationPlatforms) = preSolution
		Debug|Any CPU = Debug|Any CPU
		Release|Any CPU = Release|Any CPU
	EndGlobalSection
	GlobalSection(ProjectConfigurationPlatforms) = postSolution
		{3597B68E-7F9D-4F5B-9A9A-7A8E105E3D6E}.Debug|Any CPU.ActiveCfg = Debug|Any CPU
		{3597B68E-7F9D-4F5B-9A9A-7A8E105E3D6E}.Debug|Any CPU.Build.0 = Debug|Any CPU
		{3597B68E-7F9D-4F5B-9A9A-7A8E105E3D6E}.Release|Any CPU.ActiveCfg = Release|Any CPU
		{3597B68E-7F9D-4F5B-9A9A-7A8E105E3D6E}.Release|Any CPU.Build.0 = Release|Any CPU
		{7CD9E7FF-6FD8-4604-9444-D2425B2FEEE7}.Debug|Any CPU.ActiveCfg = Debug|Any CPU
		{7CD9E7FF-6FD8-4604-9444-D2425B2FEEE7}.Debug|Any CPU.Build.0 = Debug|Any CPU
		{7CD9E7FF-6FD8-4604-9444-D2425B2FEEE7}.Release|Any CPU.ActiveCfg = Release|Any CPU
		{7CD9E7FF-6FD8-4604-9444-D2425B2FEEE7}.Release|Any CPU.Build.0 = Release|Any CPU
		{B9F1A3A0-0306-4F3B-9D1B-E3CF43EDB34C}.Debug|Any CPU.ActiveCfg = Debug|Any CPU
		{B9F1A3A0-0306-4F3B-9D1B-E3CF43EDB34C}.Debug|Any CPU.Build.0 = Debug|Any CPU
		{B9F1A3A0-0306-4F3B-9D1B-E3CF43EDB34C}.Release|Any CPU.ActiveCfg = Release|Any CPU
		{B9F1A3A0-0306-4F3B-9D1B-E3CF43EDB34C}.Release|Any CPU.Build.0 = Release|Any CPU
	EndGlobalSection
	GlobalSection(SolutionProperties) = preSolution
		HideSolutionNode = FALSE
	EndGlobalSection
EndGlobal
